
Microsoft Visual Studio Solution File, Format Version 12.00
# Visual Studio Version 16
VisualStudioVersion = 16.0.29806.167
MinimumVisualStudioVersion = 10.0.40219.1
Project("{FAE04EC0-301F-11D3-BF4B-00C04F79EFBC}") = "FamilySys", "WindowsFormsApp3\FamilySys.csproj", "{70B4B8D8-4345-46A2-AEF8-AC5FF4860E7F}"
EndProject
Project("{2150E333-8FDC-42A3-9474-1A3956D46DE8}") = "Solution Items", "Solution Items", "{B45DBE0A-9D4D-4D46-A5B9-D50DE584FD3D}"
	ProjectSection(SolutionItems) = preProject
		.editorconfig = .editorconfig
	EndProjectSection
EndProject
Project("{54435603-DBB4-11D2-8724-00A0C9A8B90C}") = "FamliySysSetup", "FamliySysSetup\FamliySysSetup.vdproj", "{8AD1C2C0-4E89-4952-8295-C516C2C79A15}"
EndProject
Global
	GlobalSection(SolutionConfigurationPlatforms) = preSolution
		Debug|Any CPU = Debug|Any CPU
		Release|Any CPU = Release|Any CPU
	EndGlobalSection
	GlobalSection(ProjectConfigurationPlatforms) = postSolution
		{70B4B8D8-4345-46A2-AEF8-AC5FF4860E7F}.Debug|Any CPU.ActiveCfg = Debug|Any CPU
		{70B4B8D8-4345-46A2-AEF8-AC5FF4860E7F}.Debug|Any CPU.Build.0 = Debug|Any CPU
		{70B4B8D8-4345-46A2-AEF8-AC5FF4860E7F}.Release|Any CPU.ActiveCfg = Release|Any CPU
		{70B4B8D8-4345-46A2-AEF8-AC5FF4860E7F}.Release|Any CPU.Build.0 = Release|Any CPU
		{8AD1C2C0-4E89-4952-8295-C516C2C79A15}.Debug|Any CPU.ActiveCfg = Debug
		{8AD1C2C0-4E89-4952-8295-C516C2C79A15}.Release|Any CPU.ActiveCfg = Release
	EndGlobalSection
	GlobalSection(SolutionProperties) = preSolution
		HideSolutionNode = FALSE
	EndGlobalSection
	GlobalSection(ExtensibilityGlobals) = postSolution
		SolutionGuid = {079EE774-989D-41D1-8E53-B4CF0D09E446}
	EndGlobalSection
EndGlobal
